// !$*UTF8*$!
{
	archiveVersion = 1;
	classes = {
	};
	objectVersion = 48;
	objects = {

/* Begin PBXBuildFile section */
		1E1969B91FAEBF6C00D94972 /* MyMathTool.m in Sources */ = {isa = PBXBuildFile; fileRef = 1E1969B81FAEBF6C00D94972 /* MyMathTool.m */; };
		1E1969BD1FAEC15200D94972 /* MyMathTool.m in Headers */ = {isa = PBXBuildFile; fileRef = 1E1969B81FAEBF6C00D94972 /* MyMathTool.m */; };
		1E196A021FAED83D00D94972 /* NewMetod.h in Headers */ = {isa = PBXBuildFile; fileRef = 1E196A001FAED83D00D94972 /* NewMetod.h */; settings = {ATTRIBUTES = (Public, ); }; };
		1E196A031FAED83D00D94972 /* NewMetod.m in Sources */ = {isa = PBXBuildFile; fileRef = 1E196A011FAED83D00D94972 /* NewMetod.m */; };
		1E196A071FAEEBD900D94972 /* MyMathTool.h in Headers */ = {isa = PBXBuildFile; fileRef = 1E1969B71FAEBF6C00D94972 /* MyMathTool.h */; settings = {ATTRIBUTES = (Public, ); }; };
		1E196A081FAEEBD900D94972 /* NewMetod.m in Headers */ = {isa = PBXBuildFile; fileRef = 1E196A011FAED83D00D94972 /* NewMetod.m */; };
/* End PBXBuildFile section */

/* Begin PBXCopyFilesBuildPhase section */
		1E1969A91FAEBF4400D94972 /* CopyFiles */ = {
			isa = PBXCopyFilesBuildPhase;
			buildActionMask = 2147483647;
			dstPath = "include/$(PRODUCT_NAME)";
			dstSubfolderSpec = 16;
			files = (
			);
			runOnlyForDeploymentPostprocessing = 0;
		};
/* End PBXCopyFilesBuildPhase section */

/* Begin PBXFileReference section */
		1E1969AB1FAEBF4400D94972 /* libZYBFirstStaticPro.a */ = {isa = PBXFileReference; explicitFileType = archive.ar; includeInIndex = 0; path = libZYBFirstStaticPro.a; sourceTree = BUILT_PRODUCTS_DIR; };
		1E1969B71FAEBF6C00D94972 /* MyMathTool.h */ = {isa = PBXFileReference; lastKnownFileType = sourcecode.c.h; path = MyMathTool.h; sourceTree = "<group>"; };
		1E1969B81FAEBF6C00D94972 /* MyMathTool.m */ = {isa = PBXFileReference; lastKnownFileType = sourcecode.c.objc; path = MyMathTool.m; sourceTree = "<group>"; };
		1E196A001FAED83D00D94972 /* NewMetod.h */ = {isa = PBXFileReference; lastKnownFileType = sourcecode.c.h; path = NewMetod.h; sourceTree = "<group>"; };
		1E196A011FAED83D00D94972 /* NewMetod.m */ = {isa = PBXFileReference; lastKnownFileType = sourcecode.c.objc; path = NewMetod.m; sourceTree = "<group>"; };
/* End PBXFileReference section */

/* Begin PBXFrameworksBuildPhase section */
		1E1969A81FAEBF4400D94972 /* Frameworks */ = {
			isa = PBXFrameworksBuildPhase;
			buildActionMask = 2147483647;
			files = (
			);
			runOnlyForDeploymentPostprocessing = 0;
		};
/* End PBXFrameworksBuildPhase section */

/* Begin PBXGroup section */
		1E1969A21FAEBF4400D94972 = {
			isa = PBXGroup;
			children = (
				1E1969AD1FAEBF4400D94972 /* ZYBFirstStaticPro */,
				1E1969AC1FAEBF4400D94972 /* Products */,
			);
			sourceTree = "<group>";
		};
		1E1969AC1FAEBF4400D94972 /* Products */ = {
			isa = PBXGroup;
			children = (
				1E1969AB1FAEBF4400D94972 /* libZYBFirstStaticPro.a */,
			);
			name = Products;
			sourceTree = "<group>";
		};
		1E1969AD1FAEBF4400D94972 /* ZYBFirstStaticPro */ = {
			isa = PBXGroup;
			children = (
				1E1969B71FAEBF6C00D94972 /* MyMathTool.h */,
				1E1969B81FAEBF6C00D94972 /* MyMathTool.m */,
				1E196A001FAED83D00D94972 /* NewMetod.h */,
				1E196A011FAED83D00D94972 /* NewMetod.m */,
			);
			path = ZYBFirstStaticPro;
			sourceTree = "<group>";
		};
/* End PBXGroup section */

/* Begin PBXHeadersBuildPhase section */
		1E1969BA1FAEC12500D94972 /* Headers */ = {
			isa = PBXHeadersBuildPhase;
			buildActionMask = 2147483647;
			files = (
				1E196A071FAEEBD900D94972 /* MyMathTool.h in Headers */,
				1E196A021FAED83D00D94972 /* NewMetod.h in Headers */,
				1E196A081FAEEBD900D94972 /* NewMetod.m in Headers */,
				1E1969BD1FAEC15200D94972 /* MyMathTool.m in Headers */,
			);
			runOnlyForDeploymentPostprocessing = 0;
		};
/* End PBXHeadersBuildPhase section */

/* Begin PBXNativeTarget section */
		1E1969AA1FAEBF4400D94972 /* ZYBFirstStaticPro */ = {
			isa = PBXNativeTarget;
			buildConfigurationList = 1E1969B41FAEBF4400D94972 /* Build configuration list for PBXNativeTarget "ZYBFirstStaticPro" */;
			buildPhases = (
				1E1969A71FAEBF4400D94972 /* Sources */,
				1E1969A81FAEBF4400D94972 /* Frameworks */,
				1E1969A91FAEBF4400D94972 /* CopyFiles */,
				1E1969BA1FAEC12500D94972 /* Headers */,
			);
			buildRules = (
			);
			dependencies = (
			);
			name = ZYBFirstStaticPro;
			productName = ZYBFirstStaticPro;
			productReference = 1E1969AB1FAEBF4400D94972 /* libZYBFirstStaticPro.a */;
			productType = "com.apple.product-type.library.static";
		};
/* End PBXNativeTarget section */

/* Begin PBXProject section */
		1E1969A31FAEBF4400D94972 /* Project object */ = {
			isa = PBXProject;
			attributes = {
				LastUpgradeCheck = 0900;
				ORGANIZATIONNAME = YJH;
				TargetAttributes = {
					1E1969AA1FAEBF4400D94972 = {
						CreatedOnToolsVersion = 9.0.1;
						ProvisioningStyle = Automatic;
					};
				};
			};
			buildConfigurationList = 1E1969A61FAEBF4400D94972 /* Build configuration list for PBXProject "ZYBFirstStaticPro" */;
			compatibilityVersion = "Xcode 8.0";
			developmentRegion = en;
			hasScannedForEncodings = 0;
			knownRegions = (
				en,
			);
			mainGroup = 1E1969A21FAEBF4400D94972;
			productRefGroup = 1E1969AC1FAEBF4400D94972 /* Products */;
			projectDirPath = "";
			projectRoot = "";
			targets = (
				1E1969AA1FAEBF4400D94972 /* ZYBFirstStaticPro */,
			);
		};
/* End PBXProject section */

/* Begin PBXSourcesBuildPhase section */
		1E1969A71FAEBF4400D94972 /* Sources */ = {
			isa = PBXSourcesBuildPhase;
			buildActionMask = 2147483647;
			files = (
				1E196A031FAED83D00D94972 /* NewMetod.m in Sources */,
				1E1969B91FAEBF6C00D94972 /* MyMathTool.m in Sources */,
			);
			runOnlyForDeploymentPostprocessing = 0;
		};
/* End PBXSourcesBuildPhase section */

/* Begin XCBuildConfiguration section */
		1E1969B21FAEBF4400D94972 /* Debug */ = {
			isa = XCBuildConfiguration;
			buildSettings = {
				ALWAYS_SEARCH_USER_PATHS = NO;
				CLANG_ANALYZER_NONNULL = YES;
				CLANG_ANALYZER_NUMBER_OBJECT_CONVERSION = YES_AGGRESSIVE;
				CLANG_CXX_LANGUAGE_STANDARD = "gnu++14";
				CLANG_CXX_LIBRARY = "libc++";
				CLANG_ENABLE_MODULES = YES;
				CLANG_ENABLE_OBJC_ARC = YES;
				CLANG_WARN_BLOCK_CAPTURE_AUTORELEASING = YES;
				CLANG_WARN_BOOL_CONVERSION = YES;
				CLANG_WARN_COMMA = YES;
				CLANG_WARN_CONSTANT_CONVERSION = YES;
				CLANG_WARN_DIRECT_OBJC_ISA_USAGE = YES_ERROR;
				CLANG_WARN_DOCUMENTATION_COMMENTS = YES;
				CLANG_WARN_EMPTY_BODY = YES;
				CLANG_WARN_ENUM_CONVERSION = YES;
				CLANG_WARN_INFINITE_RECURSION = YES;
				CLANG_WARN_INT_CONVERSION = YES;
				CLANG_WARN_NON_LITERAL_NULL_CONVERSION = YES;
				CLANG_WARN_OBJC_LITERAL_CONVERSION = YES;
				CLANG_WARN_OBJC_ROOT_CLASS = YES_ERROR;
				CLANG_WARN_RANGE_LOOP_ANALYSIS = YES;
				CLANG_WARN_STRICT_PROTOTYPES = YES;
				CLANG_WARN_SUSPICIOUS_MOVE = YES;
				CLANG_WARN_UNGUARDED_AVAILABILITY = YES_AGGRESSIVE;
				CLANG_WARN_UNREACHABLE_CODE = YES;
				CLANG_WARN__DUPLICATE_METHOD_MATCH = YES;
				CODE_SIGN_IDENTITY = "iPhone Developer";
				COPY_PHASE_STRIP = NO;
				DEBUG_INFORMATION_FORMAT = dwarf;
				ENABLE_STRICT_OBJC_MSGSEND = YES;
				ENABLE_TESTABILITY = YES;
				GCC_C_LANGUAGE_STANDARD = gnu11;
				GCC_DYNAMIC_NO_PIC = NO;
				GCC_NO_COMMON_BLOCKS = YES;
				GCC_OPTIMIZATION_LEVEL = 0;
				GCC_PREPROCESSOR_DEFINITIONS = (
					"DEBUG=1",
					"$(inherited)",
				);
				GCC_WARN_64_TO_32_BIT_CONVERSION = YES;
				GCC_WARN_ABOUT_RETURN_TYPE = YES_ERROR;
				GCC_WARN_UNDECLARED_SELECTOR = YES;
				GCC_WARN_UNINITIALIZED_AUTOS = YES_AGGRESSIVE;
				GCC_WARN_UNUSED_FUNCTION = YES;
				GCC_WARN_UNUSED_VARIABLE = YES;
				IPHONEOS_DEPLOYMENT_TARGET = 8.0;
				MTL_ENABLE_DEBUG_INFO = YES;
				ONLY_ACTIVE_ARCH = YES;
				SDKROOT = iphoneos;
			};
			name = Debug;
		};
		1E1969B31FAEBF4400D94972 /* Release */ = {
			isa = XCBuildConfiguration;
			buildSettings = {
				ALWAYS_SEARCH_USER_PATHS = NO;
				CLANG_ANALYZER_NONNULL = YES;
				CLANG_ANALYZER_NUMBER_OBJECT_CONVERSION = YES_AGGRESSIVE;
				CLANG_CXX_LANGUAGE_STANDARD = "gnu++14";
				CLANG_CXX_LIBRARY = "libc++";
				CLANG_ENABLE_MODULES = YES;
				CLANG_ENABLE_OBJC_ARC = YES;
				CLANG_WARN_BLOCK_CAPTURE_AUTORELEASING = YES;
				CLANG_WARN_BOOL_CONVERSION = YES;
				CLANG_WARN_COMMA = YES;
				CLANG_WARN_CONSTANT_CONVERSION = YES;
				CLANG_WARN_DIRECT_OBJC_ISA_USAGE = YES_ERROR;
				CLANG_WARN_DOCUMENTATION_COMMENTS = YES;
				CLANG_WARN_EMPTY_BODY = YES;
				CLANG_WARN_ENUM_CONVERSION = YES;
				CLANG_WARN_INFINITE_RECURSION = YES;
				CLANG_WARN_INT_CONVERSION = YES;
				CLANG_WARN_NON_LITERAL_NULL_CONVERSION = YES;
				CLANG_WARN_OBJC_LITERAL_CONVERSION = YES;
				CLANG_WARN_OBJC_ROOT_CLASS = YES_ERROR;
				CLANG_WARN_RANGE_LOOP_ANALYSIS = YES;
				CLANG_WARN_STRICT_PROTOTYPES = YES;
				CLANG_WARN_SUSPICIOUS_MOVE = YES;
				CLANG_WARN_UNGUARDED_AVAILABILITY = YES_AGGRESSIVE;
				CLANG_WARN_UNREACHABLE_CODE = YES;
				CLANG_WARN__DUPLICATE_METHOD_MATCH = YES;
				CODE_SIGN_IDENTITY = "iPhone Developer";
				COPY_PHASE_STRIP = NO;
				DEBUG_INFORMATION_FORMAT = "dwarf-with-dsym";
				ENABLE_NS_ASSERTIONS = NO;
				ENABLE_STRICT_OBJC_MSGSEND = YES;
				GCC_C_LANGUAGE_STANDARD = gnu11;
				GCC_NO_COMMON_BLOCKS = YES;
				GCC_WARN_64_TO_32_BIT_CONVERSION = YES;
				GCC_WARN_ABOUT_RETURN_TYPE = YES_ERROR;
				GCC_WARN_UNDECLARED_SELECTOR = YES;
				GCC_WARN_UNINITIALIZED_AUTOS = YES_AGGRESSIVE;
				GCC_WARN_UNUSED_FUNCTION = YES;
				GCC_WARN_UNUSED_VARIABLE = YES;
				IPHONEOS_DEPLOYMENT_TARGET = 8.0;
				MTL_ENABLE_DEBUG_INFO = NO;
				SDKROOT = iphoneos;
				VALIDATE_PRODUCT = YES;
			};
			name = Release;
		};
		1E1969B51FAEBF4400D94972 /* Debug */ = {
			isa = XCBuildConfiguration;
			buildSettings = {
				CODE_SIGN_STYLE = Automatic;
				DEVELOPMENT_TEAM = ZWJWYL7PSR;
				ONLY_ACTIVE_ARCH = NO;
				OTHER_LDFLAGS = "-ObjC";
				PRODUCT_NAME = "$(TARGET_NAME)";
				SKIP_INSTALL = YES;
				TARGETED_DEVICE_FAMILY = "1,2";
			};
			name = Debug;
		};
		1E1969B61FAEBF4400D94972 /* Release */ = {
			isa = XCBuildConfiguration;
			buildSettings = {
				CODE_SIGN_STYLE = Automatic;
				DEVELOPMENT_TEAM = ZWJWYL7PSR;
				OTHER_LDFLAGS = "-ObjC";
				PRODUCT_NAME = "$(TARGET_NAME)";
				SKIP_INSTALL = YES;
				TARGETED_DEVICE_FAMILY = "1,2";
			};
			name = Release;
		};
/* End XCBuildConfiguration section */

/* Begin XCConfigurationList section */
		1E1969A61FAEBF4400D94972 /* Build configuration list for PBXProject "ZYBFirstStaticPro" */ = {
			isa = XCConfigurationList;
			buildConfigurations = (
				1E1969B21FAEBF4400D94972 /* Debug */,
				1E1969B31FAEBF4400D94972 /* Release */,
			);
			defaultConfigurationIsVisible = 0;
			defaultConfigurationName = Release;
		};
		1E1969B41FAEBF4400D94972 /* Build configuration list for PBXNativeTarget "ZYBFirstStaticPro" */ = {
			isa = XCConfigurationList;
			buildConfigurations = (
				1E1969B51FAEBF4400D94972 /* Debug */,
				1E1969B61FAEBF4400D94972 /* Release */,
			);
			defaultConfigurationIsVisible = 0;
			defaultConfigurationName = Release;
		};
/* End XCConfigurationList section */
	};
	rootObject = 1E1969A31FAEBF4400D94972 /* Project object */;
}
